
Microsoft Visual Studio Solution File, Format Version 12.00
# Visual Studio Version 17
VisualStudioVersion = 17.3.32901.215
MinimumVisualStudioVersion = 10.0.40219.1
Project("{FAE04EC0-301F-11D3-BF4B-00C04F79EFBC}") = "Assignment4", "Assignment4\Assignment4.csproj", "{5D529009-FF0A-48E5-9593-AB4D9DE54D23}"
EndProject
Global
	GlobalSection(SolutionConfigurationPlatforms) = preSolution
		Debug|Any CPU = Debug|Any CPU
		Release|Any CPU = Release|Any CPU
	EndGlobalSection
	GlobalSection(ProjectConfigurationPlatforms) = postSolution
		{5D529009-FF0A-48E5-9593-AB4D9DE54D23}.Debug|Any CPU.ActiveCfg = Debug|Any CPU
		{5D529009-FF0A-48E5-9593-AB4D9DE54D23}.Debug|Any CPU.Build.0 = Debug|Any CPU
		{5D529009-FF0A-48E5-9593-AB4D9DE54D23}.Release|Any CPU.ActiveCfg = Release|Any CPU
		{5D529009-FF0A-48E5-9593-AB4D9DE54D23}.Release|Any CPU.Build.0 = Release|Any CPU
	EndGlobalSection
	GlobalSection(SolutionProperties) = preSolution
		HideSolutionNode = FALSE
	EndGlobalSection
	GlobalSection(ExtensibilityGlobals) = postSolution
		SolutionGuid = {C9993BE0-0830-4A28-A223-2C7069DA0DD9}
	EndGlobalSection
EndGlobal
